
Microsoft Visual Studio Solution File, Format Version 12.00
# 
Project("{FAE04EC0-301F-11D3-BF4B-00C04F79EFBC}") = "zadanie2", "zadanie2\zadanie2.csproj", "{B3A909A4-E8B6-4E24-9EF0-1CF205AC45A9}"
EndProject
Project("{FAE04EC0-301F-11D3-BF4B-00C04F79EFBC}") = "zadanie2.Tests", "zadanie2.Tests\zadanie2.Tests.csproj", "{42599733-CE54-45F9-BDF9-9BC30C1F08DA}"
EndProject
Global
	GlobalSection(SolutionConfigurationPlatforms) = preSolution
		Debug|Any CPU = Debug|Any CPU
		Release|Any CPU = Release|Any CPU
	EndGlobalSection
	GlobalSection(ProjectConfigurationPlatforms) = postSolution
		{B3A909A4-E8B6-4E24-9EF0-1CF205AC45A9}.Debug|Any CPU.ActiveCfg = Debug|Any CPU
		{B3A909A4-E8B6-4E24-9EF0-1CF205AC45A9}.Debug|Any CPU.Build.0 = Debug|Any CPU
		{B3A909A4-E8B6-4E24-9EF0-1CF205AC45A9}.Release|Any CPU.ActiveCfg = Release|Any CPU
		{B3A909A4-E8B6-4E24-9EF0-1CF205AC45A9}.Release|Any CPU.Build.0 = Release|Any CPU
		{42599733-CE54-45F9-BDF9-9BC30C1F08DA}.Debug|Any CPU.ActiveCfg = Debug|Any CPU
		{42599733-CE54-45F9-BDF9-9BC30C1F08DA}.Debug|Any CPU.Build.0 = Debug|Any CPU
		{42599733-CE54-45F9-BDF9-9BC30C1F08DA}.Release|Any CPU.ActiveCfg = Release|Any CPU
		{42599733-CE54-45F9-BDF9-9BC30C1F08DA}.Release|Any CPU.Build.0 = Release|Any CPU
	EndGlobalSection
EndGlobal
